
Microsoft Visual Studio Solution File, Format Version 12.00
# Visual Studio 15
VisualStudioVersion = 15.0.27428.2005
MinimumVisualStudioVersion = 10.0.40219.1
Project("{FAE04EC0-301F-11D3-BF4B-00C04F79EFBC}") = "EmployeeWebSite", "EmployeeWebSite\EmployeeWebSite.csproj", "{D0E8E69E-B507-4811-AEFC-33A506898268}"
EndProject
Global
	GlobalSection(SolutionConfigurationPlatforms) = preSolution
		Debug|Any CPU = Debug|Any CPU
		Release|Any CPU = Release|Any CPU
	EndGlobalSection
	GlobalSection(ProjectConfigurationPlatforms) = postSolution
		{D0E8E69E-B507-4811-AEFC-33A506898268}.Debug|Any CPU.ActiveCfg = Debug|Any CPU
		{D0E8E69E-B507-4811-AEFC-33A506898268}.Debug|Any CPU.Build.0 = Debug|Any CPU
		{D0E8E69E-B507-4811-AEFC-33A506898268}.Release|Any CPU.ActiveCfg = Release|Any CPU
		{D0E8E69E-B507-4811-AEFC-33A506898268}.Release|Any CPU.Build.0 = Release|Any CPU
	EndGlobalSection
	GlobalSection(SolutionProperties) = preSolution
		HideSolutionNode = FALSE
	EndGlobalSection
	GlobalSection(ExtensibilityGlobals) = postSolution
		SolutionGuid = {8DD5BB34-3E06-402A-B1E8-10BFDDD24DF7}
	EndGlobalSection
EndGlobal
